
Microsoft Visual Studio Solution File, Format Version 12.00
# Visual Studio Version 17
VisualStudioVersion = 17.5.33424.131
MinimumVisualStudioVersion = 10.0.40219.1
Project("{FAE04EC0-301F-11D3-BF4B-00C04F79EFBC}") = "Client", "Client\Client.csproj", "{2A0BF29E-B393-44AD-A85C-DD033F98EDAB}"
EndProject
Global
	GlobalSection(SolutionConfigurationPlatforms) = preSolution
		Debug|x64 = Debug|x64
		Release|x64 = Release|x64
	EndGlobalSection
	GlobalSection(ProjectConfigurationPlatforms) = postSolution
		{2A0BF29E-B393-44AD-A85C-DD033F98EDAB}.Debug|x64.ActiveCfg = Debug|x64
		{2A0BF29E-B393-44AD-A85C-DD033F98EDAB}.Debug|x64.Build.0 = Debug|x64
		{2A0BF29E-B393-44AD-A85C-DD033F98EDAB}.Debug|x64.Deploy.0 = Debug|x64
		{2A0BF29E-B393-44AD-A85C-DD033F98EDAB}.Release|x64.ActiveCfg = Release|x64
		{2A0BF29E-B393-44AD-A85C-DD033F98EDAB}.Release|x64.Build.0 = Release|x64
		{2A0BF29E-B393-44AD-A85C-DD033F98EDAB}.Release|x64.Deploy.0 = Release|x64
	EndGlobalSection
	GlobalSection(SolutionProperties) = preSolution
		HideSolutionNode = FALSE
	EndGlobalSection
	GlobalSection(ExtensibilityGlobals) = postSolution
		SolutionGuid = {A3F56CEB-CAF2-4587-AB03-7D99A70B7899}
	EndGlobalSection
EndGlobal
